// !$*UTF8*$!
{
	archiveVersion = 1;
	classes = {
	};
	objectVersion = 56;
	objects = {

/* Begin PBXBuildFile section */
		4687DFA62C1AF32E00DB5CB1 /* AppDelegate.swift in Sources */ = {isa = PBXBuildFile; fileRef = 4687DFA52C1AF32E00DB5CB1 /* AppDelegate.swift */; };
		4687DFA82C1AF32E00DB5CB1 /* SceneDelegate.swift in Sources */ = {isa = PBXBuildFile; fileRef = 4687DFA72C1AF32E00DB5CB1 /* SceneDelegate.swift */; };
		4687DFAA2C1AF32E00DB5CB1 /* ViewController.swift in Sources */ = {isa = PBXBuildFile; fileRef = 4687DFA92C1AF32E00DB5CB1 /* ViewController.swift */; };
		4687DFAF2C1AF33100DB5CB1 /* Assets.xcassets in Resources */ = {isa = PBXBuildFile; fileRef = 4687DFAE2C1AF33100DB5CB1 /* Assets.xcassets */; };
		4687DFB22C1AF33100DB5CB1 /* Base in Resources */ = {isa = PBXBuildFile; fileRef = 4687DFB12C1AF33100DB5CB1 /* Base */; };
		4687DFBB2C1AF4A600DB5CB1 /* .gitignore in Resources */ = {isa = PBXBuildFile; fileRef = 4687DFBA2C1AF4A600DB5CB1 /* .gitignore */; };
		4687DFBD2C1AF4CF00DB5CB1 /* API.swift in Sources */ = {isa = PBXBuildFile; fileRef = 4687DFBC2C1AF4CF00DB5CB1 /* API.swift */; };
		4689FB822C1AFC5D00F399B6 /* SnapKit in Frameworks */ = {isa = PBXBuildFile; productRef = 4689FB812C1AFC5D00F399B6 /* SnapKit */; };
		4689FB852C1AFC6900F399B6 /* Alamofire in Frameworks */ = {isa = PBXBuildFile; productRef = 4689FB842C1AFC6900F399B6 /* Alamofire */; };
		4689FB882C1AFC7400F399B6 /* IQKeyboardManagerSwift in Frameworks */ = {isa = PBXBuildFile; productRef = 4689FB872C1AFC7400F399B6 /* IQKeyboardManagerSwift */; };
		4689FB8B2C1AFC7D00F399B6 /* Toast in Frameworks */ = {isa = PBXBuildFile; productRef = 4689FB8A2C1AFC7D00F399B6 /* Toast */; };
		4689FB8E2C1AFC9300F399B6 /* Kingfisher in Frameworks */ = {isa = PBXBuildFile; productRef = 4689FB8D2C1AFC9300F399B6 /* Kingfisher */; };
		4689FB932C1B065700F399B6 /* OrangeButton.swift in Sources */ = {isa = PBXBuildFile; fileRef = 4689FB922C1B065700F399B6 /* OrangeButton.swift */; };
		4689FB972C1B0B5F00F399B6 /* Resource.swift in Sources */ = {isa = PBXBuildFile; fileRef = 4689FB962C1B0B5F00F399B6 /* Resource.swift */; };
		4689FB9A2C1B0DBB00F399B6 /* ProfileViewController.swift in Sources */ = {isa = PBXBuildFile; fileRef = 4689FB992C1B0DBB00F399B6 /* ProfileViewController.swift */; };
		4689FB9C2C1B186900F399B6 /* ProfileImage.swift in Sources */ = {isa = PBXBuildFile; fileRef = 4689FB9B2C1B186900F399B6 /* ProfileImage.swift */; };
		4689FB9E2C1B26DD00F399B6 /* CameraButton.swift in Sources */ = {isa = PBXBuildFile; fileRef = 4689FB9D2C1B26DD00F399B6 /* CameraButton.swift */; };
		4689FBA02C1BF1C100F399B6 /* NicknameTextField.swift in Sources */ = {isa = PBXBuildFile; fileRef = 4689FB9F2C1BF1C100F399B6 /* NicknameTextField.swift */; };
		4689FBA22C1C08DE00F399B6 /* ControlLabel.swift in Sources */ = {isa = PBXBuildFile; fileRef = 4689FBA12C1C08DE00F399B6 /* ControlLabel.swift */; };
		4689FBA62C1C27E300F399B6 /* ImageSettingViewController.swift in Sources */ = {isa = PBXBuildFile; fileRef = 4689FBA52C1C27E300F399B6 /* ImageSettingViewController.swift */; };
		4689FBA82C1C280300F399B6 /* MainViewController.swift in Sources */ = {isa = PBXBuildFile; fileRef = 4689FBA72C1C280300F399B6 /* MainViewController.swift */; };
		4689FBAD2C1C2D5100F399B6 /* ImageCollectionViewCell.swift in Sources */ = {isa = PBXBuildFile; fileRef = 4689FBAC2C1C2D5100F399B6 /* ImageCollectionViewCell.swift */; };
		4689FBAF2C1C538F00F399B6 /* UserDefaults.swift in Sources */ = {isa = PBXBuildFile; fileRef = 4689FBAE2C1C538F00F399B6 /* UserDefaults.swift */; };
		4689FBB12C1C672F00F399B6 /* TabBarController.swift in Sources */ = {isa = PBXBuildFile; fileRef = 4689FBB02C1C672F00F399B6 /* TabBarController.swift */; };
		4689FBB32C1C67FE00F399B6 /* SettingViewController.swift in Sources */ = {isa = PBXBuildFile; fileRef = 4689FBB22C1C67FE00F399B6 /* SettingViewController.swift */; };
		4689FBB52C1C6D5E00F399B6 /* SearchTableViewCell.swift in Sources */ = {isa = PBXBuildFile; fileRef = 4689FBB42C1C6D5E00F399B6 /* SearchTableViewCell.swift */; };
		4689FBB72C1CB75000F399B6 /* Extension.swift in Sources */ = {isa = PBXBuildFile; fileRef = 4689FBB62C1CB75000F399B6 /* Extension.swift */; };
		4689FBB92C1D4A8200F399B6 /* EmptyTableViewCell.swift in Sources */ = {isa = PBXBuildFile; fileRef = 4689FBB82C1D4A8200F399B6 /* EmptyTableViewCell.swift */; };
/* End PBXBuildFile section */

/* Begin PBXFileReference section */
		4687DFA22C1AF32E00DB5CB1 /* MeaningOut.app */ = {isa = PBXFileReference; explicitFileType = wrapper.application; includeInIndex = 0; path = MeaningOut.app; sourceTree = BUILT_PRODUCTS_DIR; };
		4687DFA52C1AF32E00DB5CB1 /* AppDelegate.swift */ = {isa = PBXFileReference; lastKnownFileType = sourcecode.swift; path = AppDelegate.swift; sourceTree = "<group>"; };
		4687DFA72C1AF32E00DB5CB1 /* SceneDelegate.swift */ = {isa = PBXFileReference; lastKnownFileType = sourcecode.swift; path = SceneDelegate.swift; sourceTree = "<group>"; };
		4687DFA92C1AF32E00DB5CB1 /* ViewController.swift */ = {isa = PBXFileReference; lastKnownFileType = sourcecode.swift; path = ViewController.swift; sourceTree = "<group>"; };
		4687DFAE2C1AF33100DB5CB1 /* Assets.xcassets */ = {isa = PBXFileReference; lastKnownFileType = folder.assetcatalog; path = Assets.xcassets; sourceTree = "<group>"; };
		4687DFB12C1AF33100DB5CB1 /* Base */ = {isa = PBXFileReference; lastKnownFileType = file.storyboard; name = Base; path = Base.lproj/LaunchScreen.storyboard; sourceTree = "<group>"; };
		4687DFB32C1AF33100DB5CB1 /* Info.plist */ = {isa = PBXFileReference; lastKnownFileType = text.plist.xml; path = Info.plist; sourceTree = "<group>"; };
		4687DFBA2C1AF4A600DB5CB1 /* .gitignore */ = {isa = PBXFileReference; lastKnownFileType = text; path = .gitignore; sourceTree = "<group>"; };
		4687DFBC2C1AF4CF00DB5CB1 /* API.swift */ = {isa = PBXFileReference; lastKnownFileType = sourcecode.swift; path = API.swift; sourceTree = "<group>"; };
		4689FB922C1B065700F399B6 /* OrangeButton.swift */ = {isa = PBXFileReference; lastKnownFileType = sourcecode.swift; path = OrangeButton.swift; sourceTree = "<group>"; };
		4689FB962C1B0B5F00F399B6 /* Resource.swift */ = {isa = PBXFileReference; lastKnownFileType = sourcecode.swift; path = Resource.swift; sourceTree = "<group>"; };
		4689FB992C1B0DBB00F399B6 /* ProfileViewController.swift */ = {isa = PBXFileReference; lastKnownFileType = sourcecode.swift; path = ProfileViewController.swift; sourceTree = "<group>"; };
		4689FB9B2C1B186900F399B6 /* ProfileImage.swift */ = {isa = PBXFileReference; lastKnownFileType = sourcecode.swift; path = ProfileImage.swift; sourceTree = "<group>"; };
		4689FB9D2C1B26DD00F399B6 /* CameraButton.swift */ = {isa = PBXFileReference; lastKnownFileType = sourcecode.swift; path = CameraButton.swift; sourceTree = "<group>"; };
		4689FB9F2C1BF1C100F399B6 /* NicknameTextField.swift */ = {isa = PBXFileReference; lastKnownFileType = sourcecode.swift; path = NicknameTextField.swift; sourceTree = "<group>"; };
		4689FBA12C1C08DE00F399B6 /* ControlLabel.swift */ = {isa = PBXFileReference; lastKnownFileType = sourcecode.swift; path = ControlLabel.swift; sourceTree = "<group>"; };
		4689FBA52C1C27E300F399B6 /* ImageSettingViewController.swift */ = {isa = PBXFileReference; lastKnownFileType = sourcecode.swift; path = ImageSettingViewController.swift; sourceTree = "<group>"; };
		4689FBA72C1C280300F399B6 /* MainViewController.swift */ = {isa = PBXFileReference; lastKnownFileType = sourcecode.swift; path = MainViewController.swift; sourceTree = "<group>"; };
		4689FBAC2C1C2D5100F399B6 /* ImageCollectionViewCell.swift */ = {isa = PBXFileReference; lastKnownFileType = sourcecode.swift; path = ImageCollectionViewCell.swift; sourceTree = "<group>"; };
		4689FBAE2C1C538F00F399B6 /* UserDefaults.swift */ = {isa = PBXFileReference; lastKnownFileType = sourcecode.swift; path = UserDefaults.swift; sourceTree = "<group>"; };
		4689FBB02C1C672F00F399B6 /* TabBarController.swift */ = {isa = PBXFileReference; lastKnownFileType = sourcecode.swift; path = TabBarController.swift; sourceTree = "<group>"; };
		4689FBB22C1C67FE00F399B6 /* SettingViewController.swift */ = {isa = PBXFileReference; lastKnownFileType = sourcecode.swift; path = SettingViewController.swift; sourceTree = "<group>"; };
		4689FBB42C1C6D5E00F399B6 /* SearchTableViewCell.swift */ = {isa = PBXFileReference; lastKnownFileType = sourcecode.swift; path = SearchTableViewCell.swift; sourceTree = "<group>"; };
		4689FBB62C1CB75000F399B6 /* Extension.swift */ = {isa = PBXFileReference; lastKnownFileType = sourcecode.swift; path = Extension.swift; sourceTree = "<group>"; };
		4689FBB82C1D4A8200F399B6 /* EmptyTableViewCell.swift */ = {isa = PBXFileReference; lastKnownFileType = sourcecode.swift; path = EmptyTableViewCell.swift; sourceTree = "<group>"; };
/* End PBXFileReference section */

/* Begin PBXFrameworksBuildPhase section */
		4687DF9F2C1AF32E00DB5CB1 /* Frameworks */ = {
			isa = PBXFrameworksBuildPhase;
			buildActionMask = 2147483647;
			files = (
				4689FB8B2C1AFC7D00F399B6 /* Toast in Frameworks */,
				4689FB822C1AFC5D00F399B6 /* SnapKit in Frameworks */,
				4689FB852C1AFC6900F399B6 /* Alamofire in Frameworks */,
				4689FB882C1AFC7400F399B6 /* IQKeyboardManagerSwift in Frameworks */,
				4689FB8E2C1AFC9300F399B6 /* Kingfisher in Frameworks */,
			);
			runOnlyForDeploymentPostprocessing = 0;
		};
/* End PBXFrameworksBuildPhase section */

/* Begin PBXGroup section */
		4687DF992C1AF32E00DB5CB1 = {
			isa = PBXGroup;
			children = (
				4687DFBA2C1AF4A600DB5CB1 /* .gitignore */,
				4687DFA42C1AF32E00DB5CB1 /* MeaningOut */,
				4687DFA32C1AF32E00DB5CB1 /* Products */,
			);
			sourceTree = "<group>";
		};
		4687DFA32C1AF32E00DB5CB1 /* Products */ = {
			isa = PBXGroup;
			children = (
				4687DFA22C1AF32E00DB5CB1 /* MeaningOut.app */,
			);
			name = Products;
			sourceTree = "<group>";
		};
		4687DFA42C1AF32E00DB5CB1 /* MeaningOut */ = {
			isa = PBXGroup;
			children = (
				4689FBA92C1C2A8200F399B6 /* Item */,
				4689FB982C1B0B8700F399B6 /* View */,
				4689FB8F2C1B05DC00F399B6 /* Object */,
				4687DFA52C1AF32E00DB5CB1 /* AppDelegate.swift */,
				4687DFA72C1AF32E00DB5CB1 /* SceneDelegate.swift */,
				4687DFBC2C1AF4CF00DB5CB1 /* API.swift */,
				4687DFAE2C1AF33100DB5CB1 /* Assets.xcassets */,
				4687DFB02C1AF33100DB5CB1 /* LaunchScreen.storyboard */,
				4687DFB32C1AF33100DB5CB1 /* Info.plist */,
			);
			path = MeaningOut;
			sourceTree = "<group>";
		};
		4689FB8F2C1B05DC00F399B6 /* Object */ = {
			isa = PBXGroup;
			children = (
				4689FB922C1B065700F399B6 /* OrangeButton.swift */,
				4689FB962C1B0B5F00F399B6 /* Resource.swift */,
				4689FB9B2C1B186900F399B6 /* ProfileImage.swift */,
				4689FB9D2C1B26DD00F399B6 /* CameraButton.swift */,
				4689FB9F2C1BF1C100F399B6 /* NicknameTextField.swift */,
				4689FBA12C1C08DE00F399B6 /* ControlLabel.swift */,
				4689FBAE2C1C538F00F399B6 /* UserDefaults.swift */,
				4689FBB62C1CB75000F399B6 /* Extension.swift */,
			);
			path = Object;
			sourceTree = "<group>";
		};
		4689FB982C1B0B8700F399B6 /* View */ = {
			isa = PBXGroup;
			children = (
				4687DFA92C1AF32E00DB5CB1 /* ViewController.swift */,
				4689FB992C1B0DBB00F399B6 /* ProfileViewController.swift */,
				4689FBA52C1C27E300F399B6 /* ImageSettingViewController.swift */,
				4689FBB02C1C672F00F399B6 /* TabBarController.swift */,
				4689FBA72C1C280300F399B6 /* MainViewController.swift */,
				4689FBB22C1C67FE00F399B6 /* SettingViewController.swift */,
			);
			path = View;
			sourceTree = "<group>";
		};
		4689FBA92C1C2A8200F399B6 /* Item */ = {
			isa = PBXGroup;
			children = (
				4689FBAC2C1C2D5100F399B6 /* ImageCollectionViewCell.swift */,
				4689FBB42C1C6D5E00F399B6 /* SearchTableViewCell.swift */,
				4689FBB82C1D4A8200F399B6 /* EmptyTableViewCell.swift */,
			);
			path = Item;
			sourceTree = "<group>";
		};
/* End PBXGroup section */

/* Begin PBXNativeTarget section */
		4687DFA12C1AF32E00DB5CB1 /* MeaningOut */ = {
			isa = PBXNativeTarget;
			buildConfigurationList = 4687DFB62C1AF33100DB5CB1 /* Build configuration list for PBXNativeTarget "MeaningOut" */;
			buildPhases = (
				4687DF9E2C1AF32E00DB5CB1 /* Sources */,
				4687DF9F2C1AF32E00DB5CB1 /* Frameworks */,
				4687DFA02C1AF32E00DB5CB1 /* Resources */,
			);
			buildRules = (
			);
			dependencies = (
			);
			name = MeaningOut;
			packageProductDependencies = (
				4689FB812C1AFC5D00F399B6 /* SnapKit */,
				4689FB842C1AFC6900F399B6 /* Alamofire */,
				4689FB872C1AFC7400F399B6 /* IQKeyboardManagerSwift */,
				4689FB8A2C1AFC7D00F399B6 /* Toast */,
				4689FB8D2C1AFC9300F399B6 /* Kingfisher */,
			);
			productName = MeaningOut;
			productReference = 4687DFA22C1AF32E00DB5CB1 /* MeaningOut.app */;
			productType = "com.apple.product-type.application";
		};
/* End PBXNativeTarget section */

/* Begin PBXProject section */
		4687DF9A2C1AF32E00DB5CB1 /* Project object */ = {
			isa = PBXProject;
			attributes = {
				BuildIndependentTargetsInParallel = 1;
				LastSwiftUpdateCheck = 1540;
				LastUpgradeCheck = 1540;
				TargetAttributes = {
					4687DFA12C1AF32E00DB5CB1 = {
						CreatedOnToolsVersion = 15.4;
					};
				};
			};
			buildConfigurationList = 4687DF9D2C1AF32E00DB5CB1 /* Build configuration list for PBXProject "MeaningOut" */;
			compatibilityVersion = "Xcode 14.0";
			developmentRegion = en;
			hasScannedForEncodings = 0;
			knownRegions = (
				en,
				Base,
			);
			mainGroup = 4687DF992C1AF32E00DB5CB1;
			packageReferences = (
				4689FB802C1AFC5D00F399B6 /* XCRemoteSwiftPackageReference "SnapKit" */,
				4689FB832C1AFC6900F399B6 /* XCRemoteSwiftPackageReference "Alamofire" */,
				4689FB862C1AFC7400F399B6 /* XCRemoteSwiftPackageReference "IQKeyboardManager" */,
				4689FB892C1AFC7D00F399B6 /* XCRemoteSwiftPackageReference "Toast-Swift" */,
				4689FB8C2C1AFC9300F399B6 /* XCRemoteSwiftPackageReference "Kingfisher" */,
			);
			productRefGroup = 4687DFA32C1AF32E00DB5CB1 /* Products */;
			projectDirPath = "";
			projectRoot = "";
			targets = (
				4687DFA12C1AF32E00DB5CB1 /* MeaningOut */,
			);
		};
/* End PBXProject section */

/* Begin PBXResourcesBuildPhase section */
		4687DFA02C1AF32E00DB5CB1 /* Resources */ = {
			isa = PBXResourcesBuildPhase;
			buildActionMask = 2147483647;
			files = (
				4687DFAF2C1AF33100DB5CB1 /* Assets.xcassets in Resources */,
				4687DFBB2C1AF4A600DB5CB1 /* .gitignore in Resources */,
				4687DFB22C1AF33100DB5CB1 /* Base in Resources */,
			);
			runOnlyForDeploymentPostprocessing = 0;
		};
/* End PBXResourcesBuildPhase section */

/* Begin PBXSourcesBuildPhase section */
		4687DF9E2C1AF32E00DB5CB1 /* Sources */ = {
			isa = PBXSourcesBuildPhase;
			buildActionMask = 2147483647;
			files = (
				4687DFAA2C1AF32E00DB5CB1 /* ViewController.swift in Sources */,
				4689FBB12C1C672F00F399B6 /* TabBarController.swift in Sources */,
				4689FBA82C1C280300F399B6 /* MainViewController.swift in Sources */,
				4689FB9E2C1B26DD00F399B6 /* CameraButton.swift in Sources */,
				4689FBA22C1C08DE00F399B6 /* ControlLabel.swift in Sources */,
				4689FBB32C1C67FE00F399B6 /* SettingViewController.swift in Sources */,
				4689FB9C2C1B186900F399B6 /* ProfileImage.swift in Sources */,
				4687DFA62C1AF32E00DB5CB1 /* AppDelegate.swift in Sources */,
				4687DFBD2C1AF4CF00DB5CB1 /* API.swift in Sources */,
				4689FBB52C1C6D5E00F399B6 /* SearchTableViewCell.swift in Sources */,
				4689FBA62C1C27E300F399B6 /* ImageSettingViewController.swift in Sources */,
				4689FB972C1B0B5F00F399B6 /* Resource.swift in Sources */,
				4689FB9A2C1B0DBB00F399B6 /* ProfileViewController.swift in Sources */,
				4689FBB92C1D4A8200F399B6 /* EmptyTableViewCell.swift in Sources */,
				4689FBB72C1CB75000F399B6 /* Extension.swift in Sources */,
				4689FBAD2C1C2D5100F399B6 /* ImageCollectionViewCell.swift in Sources */,
				4689FBAF2C1C538F00F399B6 /* UserDefaults.swift in Sources */,
				4687DFA82C1AF32E00DB5CB1 /* SceneDelegate.swift in Sources */,
				4689FB932C1B065700F399B6 /* OrangeButton.swift in Sources */,
				4689FBA02C1BF1C100F399B6 /* NicknameTextField.swift in Sources */,
			);
			runOnlyForDeploymentPostprocessing = 0;
		};
/* End PBXSourcesBuildPhase section */

/* Begin PBXVariantGroup section */
		4687DFB02C1AF33100DB5CB1 /* LaunchScreen.storyboard */ = {
			isa = PBXVariantGroup;
			children = (
				4687DFB12C1AF33100DB5CB1 /* Base */,
			);
			name = LaunchScreen.storyboard;
			sourceTree = "<group>";
		};
/* End PBXVariantGroup section */

/* Begin XCBuildConfiguration section */
		4687DFB42C1AF33100DB5CB1 /* Debug */ = {
			isa = XCBuildConfiguration;
			buildSettings = {
				ALWAYS_SEARCH_USER_PATHS = NO;
				ASSETCATALOG_COMPILER_GENERATE_SWIFT_ASSET_SYMBOL_EXTENSIONS = YES;
				CLANG_ANALYZER_NONNULL = YES;
				CLANG_ANALYZER_NUMBER_OBJECT_CONVERSION = YES_AGGRESSIVE;
				CLANG_CXX_LANGUAGE_STANDARD = "gnu++20";
				CLANG_ENABLE_MODULES = YES;
				CLANG_ENABLE_OBJC_ARC = YES;
				CLANG_ENABLE_OBJC_WEAK = YES;
				CLANG_WARN_BLOCK_CAPTURE_AUTORELEASING = YES;
				CLANG_WARN_BOOL_CONVERSION = YES;
				CLANG_WARN_COMMA = YES;
				CLANG_WARN_CONSTANT_CONVERSION = YES;
				CLANG_WARN_DEPRECATED_OBJC_IMPLEMENTATIONS = YES;
				CLANG_WARN_DIRECT_OBJC_ISA_USAGE = YES_ERROR;
				CLANG_WARN_DOCUMENTATION_COMMENTS = YES;
				CLANG_WARN_EMPTY_BODY = YES;
				CLANG_WARN_ENUM_CONVERSION = YES;
				CLANG_WARN_INFINITE_RECURSION = YES;
				CLANG_WARN_INT_CONVERSION = YES;
				CLANG_WARN_NON_LITERAL_NULL_CONVERSION = YES;
				CLANG_WARN_OBJC_IMPLICIT_RETAIN_SELF = YES;
				CLANG_WARN_OBJC_LITERAL_CONVERSION = YES;
				CLANG_WARN_OBJC_ROOT_CLASS = YES_ERROR;
				CLANG_WARN_QUOTED_INCLUDE_IN_FRAMEWORK_HEADER = YES;
				CLANG_WARN_RANGE_LOOP_ANALYSIS = YES;
				CLANG_WARN_STRICT_PROTOTYPES = YES;
				CLANG_WARN_SUSPICIOUS_MOVE = YES;
				CLANG_WARN_UNGUARDED_AVAILABILITY = YES_AGGRESSIVE;
				CLANG_WARN_UNREACHABLE_CODE = YES;
				CLANG_WARN__DUPLICATE_METHOD_MATCH = YES;
				COPY_PHASE_STRIP = NO;
				DEBUG_INFORMATION_FORMAT = dwarf;
				ENABLE_STRICT_OBJC_MSGSEND = YES;
				ENABLE_TESTABILITY = YES;
				ENABLE_USER_SCRIPT_SANDBOXING = YES;
				GCC_C_LANGUAGE_STANDARD = gnu17;
				GCC_DYNAMIC_NO_PIC = NO;
				GCC_NO_COMMON_BLOCKS = YES;
				GCC_OPTIMIZATION_LEVEL = 0;
				GCC_PREPROCESSOR_DEFINITIONS = (
					"DEBUG=1",
					"$(inherited)",
				);
				GCC_WARN_64_TO_32_BIT_CONVERSION = YES;
				GCC_WARN_ABOUT_RETURN_TYPE = YES_ERROR;
				GCC_WARN_UNDECLARED_SELECTOR = YES;
				GCC_WARN_UNINITIALIZED_AUTOS = YES_AGGRESSIVE;
				GCC_WARN_UNUSED_FUNCTION = YES;
				GCC_WARN_UNUSED_VARIABLE = YES;
				IPHONEOS_DEPLOYMENT_TARGET = 17.5;
				LOCALIZATION_PREFERS_STRING_CATALOGS = YES;
				MTL_ENABLE_DEBUG_INFO = INCLUDE_SOURCE;
				MTL_FAST_MATH = YES;
				ONLY_ACTIVE_ARCH = YES;
				SDKROOT = iphoneos;
				SWIFT_ACTIVE_COMPILATION_CONDITIONS = "DEBUG $(inherited)";
				SWIFT_OPTIMIZATION_LEVEL = "-Onone";
			};
			name = Debug;
		};
		4687DFB52C1AF33100DB5CB1 /* Release */ = {
			isa = XCBuildConfiguration;
			buildSettings = {
				ALWAYS_SEARCH_USER_PATHS = NO;
				ASSETCATALOG_COMPILER_GENERATE_SWIFT_ASSET_SYMBOL_EXTENSIONS = YES;
				CLANG_ANALYZER_NONNULL = YES;
				CLANG_ANALYZER_NUMBER_OBJECT_CONVERSION = YES_AGGRESSIVE;
				CLANG_CXX_LANGUAGE_STANDARD = "gnu++20";
				CLANG_ENABLE_MODULES = YES;
				CLANG_ENABLE_OBJC_ARC = YES;
				CLANG_ENABLE_OBJC_WEAK = YES;
				CLANG_WARN_BLOCK_CAPTURE_AUTORELEASING = YES;
				CLANG_WARN_BOOL_CONVERSION = YES;
				CLANG_WARN_COMMA = YES;
				CLANG_WARN_CONSTANT_CONVERSION = YES;
				CLANG_WARN_DEPRECATED_OBJC_IMPLEMENTATIONS = YES;
				CLANG_WARN_DIRECT_OBJC_ISA_USAGE = YES_ERROR;
				CLANG_WARN_DOCUMENTATION_COMMENTS = YES;
				CLANG_WARN_EMPTY_BODY = YES;
				CLANG_WARN_ENUM_CONVERSION = YES;
				CLANG_WARN_INFINITE_RECURSION = YES;
				CLANG_WARN_INT_CONVERSION = YES;
				CLANG_WARN_NON_LITERAL_NULL_CONVERSION = YES;
				CLANG_WARN_OBJC_IMPLICIT_RETAIN_SELF = YES;
				CLANG_WARN_OBJC_LITERAL_CONVERSION = YES;
				CLANG_WARN_OBJC_ROOT_CLASS = YES_ERROR;
				CLANG_WARN_QUOTED_INCLUDE_IN_FRAMEWORK_HEADER = YES;
				CLANG_WARN_RANGE_LOOP_ANALYSIS = YES;
				CLANG_WARN_STRICT_PROTOTYPES = YES;
				CLANG_WARN_SUSPICIOUS_MOVE = YES;
				CLANG_WARN_UNGUARDED_AVAILABILITY = YES_AGGRESSIVE;
				CLANG_WARN_UNREACHABLE_CODE = YES;
				CLANG_WARN__DUPLICATE_METHOD_MATCH = YES;
				COPY_PHASE_STRIP = NO;
				DEBUG_INFORMATION_FORMAT = "dwarf-with-dsym";
				ENABLE_NS_ASSERTIONS = NO;
				ENABLE_STRICT_OBJC_MSGSEND = YES;
				ENABLE_USER_SCRIPT_SANDBOXING = YES;
				GCC_C_LANGUAGE_STANDARD = gnu17;
				GCC_NO_COMMON_BLOCKS = YES;
				GCC_WARN_64_TO_32_BIT_CONVERSION = YES;
				GCC_WARN_ABOUT_RETURN_TYPE = YES_ERROR;
				GCC_WARN_UNDECLARED_SELECTOR = YES;
				GCC_WARN_UNINITIALIZED_AUTOS = YES_AGGRESSIVE;
				GCC_WARN_UNUSED_FUNCTION = YES;
				GCC_WARN_UNUSED_VARIABLE = YES;
				IPHONEOS_DEPLOYMENT_TARGET = 17.5;
				LOCALIZATION_PREFERS_STRING_CATALOGS = YES;
				MTL_ENABLE_DEBUG_INFO = NO;
				MTL_FAST_MATH = YES;
				SDKROOT = iphoneos;
				SWIFT_COMPILATION_MODE = wholemodule;
				VALIDATE_PRODUCT = YES;
			};
			name = Release;
		};
		4687DFB72C1AF33100DB5CB1 /* Debug */ = {
			isa = XCBuildConfiguration;
			buildSettings = {
				ASSETCATALOG_COMPILER_APPICON_NAME = AppIcon;
				ASSETCATALOG_COMPILER_GLOBAL_ACCENT_COLOR_NAME = AccentColor;
				CODE_SIGN_STYLE = Automatic;
				CURRENT_PROJECT_VERSION = 1;
				DEVELOPMENT_TEAM = H432N7AT3B;
				GENERATE_INFOPLIST_FILE = YES;
				INFOPLIST_FILE = MeaningOut/Info.plist;
				INFOPLIST_KEY_CFBundleDisplayName = MeaningOut;
				INFOPLIST_KEY_UIApplicationSupportsIndirectInputEvents = YES;
				INFOPLIST_KEY_UILaunchStoryboardName = LaunchScreen;
				INFOPLIST_KEY_UISupportedInterfaceOrientations = UIInterfaceOrientationPortrait;
				INFOPLIST_KEY_UISupportedInterfaceOrientations_iPad = UIInterfaceOrientationPortrait;
				IPHONEOS_DEPLOYMENT_TARGET = 15.0;
				LD_RUNPATH_SEARCH_PATHS = (
					"$(inherited)",
					"@executable_path/Frameworks",
				);
				MARKETING_VERSION = 1.0;
				PRODUCT_BUNDLE_IDENTIFIER = com.soyung.MeaningOut;
				PRODUCT_NAME = "$(TARGET_NAME)";
				SUPPORTED_PLATFORMS = "iphoneos iphonesimulator";
				SUPPORTS_MACCATALYST = NO;
				SUPPORTS_MAC_DESIGNED_FOR_IPHONE_IPAD = NO;
				SUPPORTS_XR_DESIGNED_FOR_IPHONE_IPAD = NO;
				SWIFT_EMIT_LOC_STRINGS = YES;
				SWIFT_VERSION = 5.0;
				TARGETED_DEVICE_FAMILY = 1;
			};
			name = Debug;
		};
		4687DFB82C1AF33100DB5CB1 /* Release */ = {
			isa = XCBuildConfiguration;
			buildSettings = {
				ASSETCATALOG_COMPILER_APPICON_NAME = AppIcon;
				ASSETCATALOG_COMPILER_GLOBAL_ACCENT_COLOR_NAME = AccentColor;
				CODE_SIGN_STYLE = Automatic;
				CURRENT_PROJECT_VERSION = 1;
				DEVELOPMENT_TEAM = H432N7AT3B;
				GENERATE_INFOPLIST_FILE = YES;
				INFOPLIST_FILE = MeaningOut/Info.plist;
				INFOPLIST_KEY_CFBundleDisplayName = MeaningOut;
				INFOPLIST_KEY_UIApplicationSupportsIndirectInputEvents = YES;
				INFOPLIST_KEY_UILaunchStoryboardName = LaunchScreen;
				INFOPLIST_KEY_UISupportedInterfaceOrientations = UIInterfaceOrientationPortrait;
				INFOPLIST_KEY_UISupportedInterfaceOrientations_iPad = UIInterfaceOrientationPortrait;
				IPHONEOS_DEPLOYMENT_TARGET = 15.0;
				LD_RUNPATH_SEARCH_PATHS = (
					"$(inherited)",
					"@executable_path/Frameworks",
				);
				MARKETING_VERSION = 1.0;
				PRODUCT_BUNDLE_IDENTIFIER = com.soyung.MeaningOut;
				PRODUCT_NAME = "$(TARGET_NAME)";
				SUPPORTED_PLATFORMS = "iphoneos iphonesimulator";
				SUPPORTS_MACCATALYST = NO;
				SUPPORTS_MAC_DESIGNED_FOR_IPHONE_IPAD = NO;
				SUPPORTS_XR_DESIGNED_FOR_IPHONE_IPAD = NO;
				SWIFT_EMIT_LOC_STRINGS = YES;
				SWIFT_VERSION = 5.0;
				TARGETED_DEVICE_FAMILY = 1;
			};
			name = Release;
		};
/* End XCBuildConfiguration section */

/* Begin XCConfigurationList section */
		4687DF9D2C1AF32E00DB5CB1 /* Build configuration list for PBXProject "MeaningOut" */ = {
			isa = XCConfigurationList;
			buildConfigurations = (
				4687DFB42C1AF33100DB5CB1 /* Debug */,
				4687DFB52C1AF33100DB5CB1 /* Release */,
			);
			defaultConfigurationIsVisible = 0;
			defaultConfigurationName = Release;
		};
		4687DFB62C1AF33100DB5CB1 /* Build configuration list for PBXNativeTarget "MeaningOut" */ = {
			isa = XCConfigurationList;
			buildConfigurations = (
				4687DFB72C1AF33100DB5CB1 /* Debug */,
				4687DFB82C1AF33100DB5CB1 /* Release */,
			);
			defaultConfigurationIsVisible = 0;
			defaultConfigurationName = Release;
		};
/* End XCConfigurationList section */

/* Begin XCRemoteSwiftPackageReference section */
		4689FB802C1AFC5D00F399B6 /* XCRemoteSwiftPackageReference "SnapKit" */ = {
			isa = XCRemoteSwiftPackageReference;
			repositoryURL = "https://github.com/SnapKit/SnapKit.git";
			requirement = {
				kind = upToNextMajorVersion;
				minimumVersion = 5.7.1;
			};
		};
		4689FB832C1AFC6900F399B6 /* XCRemoteSwiftPackageReference "Alamofire" */ = {
			isa = XCRemoteSwiftPackageReference;
			repositoryURL = "https://github.com/Alamofire/Alamofire.git";
			requirement = {
				kind = upToNextMajorVersion;
				minimumVersion = 5.9.1;
			};
		};
		4689FB862C1AFC7400F399B6 /* XCRemoteSwiftPackageReference "IQKeyboardManager" */ = {
			isa = XCRemoteSwiftPackageReference;
			repositoryURL = "https://github.com/hackiftekhar/IQKeyboardManager";
			requirement = {
				kind = upToNextMajorVersion;
				minimumVersion = 7.0.3;
			};
		};
		4689FB892C1AFC7D00F399B6 /* XCRemoteSwiftPackageReference "Toast-Swift" */ = {
			isa = XCRemoteSwiftPackageReference;
			repositoryURL = "https://github.com/scalessec/Toast-Swift";
			requirement = {
				kind = upToNextMajorVersion;
				minimumVersion = 5.1.1;
			};
		};
		4689FB8C2C1AFC9300F399B6 /* XCRemoteSwiftPackageReference "Kingfisher" */ = {
			isa = XCRemoteSwiftPackageReference;
			repositoryURL = "https://github.com/onevcat/Kingfisher";
			requirement = {
				kind = upToNextMajorVersion;
				minimumVersion = 7.12.0;
			};
		};
/* End XCRemoteSwiftPackageReference section */

/* Begin XCSwiftPackageProductDependency section */
		4689FB812C1AFC5D00F399B6 /* SnapKit */ = {
			isa = XCSwiftPackageProductDependency;
			package = 4689FB802C1AFC5D00F399B6 /* XCRemoteSwiftPackageReference "SnapKit" */;
			productName = SnapKit;
		};
		4689FB842C1AFC6900F399B6 /* Alamofire */ = {
			isa = XCSwiftPackageProductDependency;
			package = 4689FB832C1AFC6900F399B6 /* XCRemoteSwiftPackageReference "Alamofire" */;
			productName = Alamofire;
		};
		4689FB872C1AFC7400F399B6 /* IQKeyboardManagerSwift */ = {
			isa = XCSwiftPackageProductDependency;
			package = 4689FB862C1AFC7400F399B6 /* XCRemoteSwiftPackageReference "IQKeyboardManager" */;
			productName = IQKeyboardManagerSwift;
		};
		4689FB8A2C1AFC7D00F399B6 /* Toast */ = {
			isa = XCSwiftPackageProductDependency;
			package = 4689FB892C1AFC7D00F399B6 /* XCRemoteSwiftPackageReference "Toast-Swift" */;
			productName = Toast;
		};
		4689FB8D2C1AFC9300F399B6 /* Kingfisher */ = {
			isa = XCSwiftPackageProductDependency;
			package = 4689FB8C2C1AFC9300F399B6 /* XCRemoteSwiftPackageReference "Kingfisher" */;
			productName = Kingfisher;
		};
/* End XCSwiftPackageProductDependency section */
	};
	rootObject = 4687DF9A2C1AF32E00DB5CB1 /* Project object */;
}
